
Microsoft Visual Studio Solution File, Format Version 12.00
# Visual Studio Version 16
VisualStudioVersion = 16.0.30717.126
MinimumVisualStudioVersion = 10.0.40219.1
Project("{9A19103F-16F7-4668-BE54-9A1E7A4F7556}") = "AdventOfCode.Day2", "AdventOfCode.Day2\AdventOfCode.Day2.csproj", "{7AF4EC42-6596-40A9-9DFF-79C7CD4BF82A}"
EndProject
Project("{9A19103F-16F7-4668-BE54-9A1E7A4F7556}") = "AdventOfCode.Day3", "AdventOfCode.Day3\AdventOfCode.Day3.csproj", "{92FBF326-7361-444A-841B-77CE145A8EDD}"
EndProject
Project("{9A19103F-16F7-4668-BE54-9A1E7A4F7556}") = "AdventOfCode.Day1", "AdventOfCode.Day1\AdventOfCode.Day1.csproj", "{8DD4F6D2-5E70-4997-B70C-5F28791CE880}"
EndProject
Project("{9A19103F-16F7-4668-BE54-9A1E7A4F7556}") = "AdventOfDay.Console", "AdventOfDay.Console\AdventOfDay.Console.csproj", "{B32FB089-B4FB-4008-B0ED-7B59C82DBDB1}"
EndProject
Project("{9A19103F-16F7-4668-BE54-9A1E7A4F7556}") = "AdventOfCode.Day4", "AdventOfCode.Day4\AdventOfCode.Day4.csproj", "{F1A1C015-153E-41C8-8863-E4207BF8EB08}"
EndProject
Project("{9A19103F-16F7-4668-BE54-9A1E7A4F7556}") = "AdventOfCode.Day5", "AdventOfCode.Day5\AdventOfCode.Day5.csproj", "{7AB5CAAC-7D0A-492A-B5BC-76EBFC4F4A2C}"
EndProject
Project("{F2A71F9B-5D33-465A-A702-920D77279786}") = "AdventOfCode.Day6", "AdventOfCode.Day6\AdventOfCode.Day6.fsproj", "{39236D6D-7C1D-41CA-8386-6B32A069993C}"
EndProject
Global
	GlobalSection(SolutionConfigurationPlatforms) = preSolution
		Debug|Any CPU = Debug|Any CPU
		Release|Any CPU = Release|Any CPU
	EndGlobalSection
	GlobalSection(ProjectConfigurationPlatforms) = postSolution
		{7AF4EC42-6596-40A9-9DFF-79C7CD4BF82A}.Debug|Any CPU.ActiveCfg = Debug|Any CPU
		{7AF4EC42-6596-40A9-9DFF-79C7CD4BF82A}.Debug|Any CPU.Build.0 = Debug|Any CPU
		{7AF4EC42-6596-40A9-9DFF-79C7CD4BF82A}.Release|Any CPU.ActiveCfg = Release|Any CPU
		{7AF4EC42-6596-40A9-9DFF-79C7CD4BF82A}.Release|Any CPU.Build.0 = Release|Any CPU
		{92FBF326-7361-444A-841B-77CE145A8EDD}.Debug|Any CPU.ActiveCfg = Debug|Any CPU
		{92FBF326-7361-444A-841B-77CE145A8EDD}.Debug|Any CPU.Build.0 = Debug|Any CPU
		{92FBF326-7361-444A-841B-77CE145A8EDD}.Release|Any CPU.ActiveCfg = Release|Any CPU
		{92FBF326-7361-444A-841B-77CE145A8EDD}.Release|Any CPU.Build.0 = Release|Any CPU
		{8DD4F6D2-5E70-4997-B70C-5F28791CE880}.Debug|Any CPU.ActiveCfg = Debug|Any CPU
		{8DD4F6D2-5E70-4997-B70C-5F28791CE880}.Debug|Any CPU.Build.0 = Debug|Any CPU
		{8DD4F6D2-5E70-4997-B70C-5F28791CE880}.Release|Any CPU.ActiveCfg = Release|Any CPU
		{8DD4F6D2-5E70-4997-B70C-5F28791CE880}.Release|Any CPU.Build.0 = Release|Any CPU
		{B32FB089-B4FB-4008-B0ED-7B59C82DBDB1}.Debug|Any CPU.ActiveCfg = Debug|Any CPU
		{B32FB089-B4FB-4008-B0ED-7B59C82DBDB1}.Debug|Any CPU.Build.0 = Debug|Any CPU
		{B32FB089-B4FB-4008-B0ED-7B59C82DBDB1}.Release|Any CPU.ActiveCfg = Release|Any CPU
		{B32FB089-B4FB-4008-B0ED-7B59C82DBDB1}.Release|Any CPU.Build.0 = Release|Any CPU
		{F1A1C015-153E-41C8-8863-E4207BF8EB08}.Debug|Any CPU.ActiveCfg = Debug|Any CPU
		{F1A1C015-153E-41C8-8863-E4207BF8EB08}.Debug|Any CPU.Build.0 = Debug|Any CPU
		{F1A1C015-153E-41C8-8863-E4207BF8EB08}.Release|Any CPU.ActiveCfg = Release|Any CPU
		{F1A1C015-153E-41C8-8863-E4207BF8EB08}.Release|Any CPU.Build.0 = Release|Any CPU
		{7AB5CAAC-7D0A-492A-B5BC-76EBFC4F4A2C}.Debug|Any CPU.ActiveCfg = Debug|Any CPU
		{7AB5CAAC-7D0A-492A-B5BC-76EBFC4F4A2C}.Debug|Any CPU.Build.0 = Debug|Any CPU
		{7AB5CAAC-7D0A-492A-B5BC-76EBFC4F4A2C}.Release|Any CPU.ActiveCfg = Release|Any CPU
		{7AB5CAAC-7D0A-492A-B5BC-76EBFC4F4A2C}.Release|Any CPU.Build.0 = Release|Any CPU
		{39236D6D-7C1D-41CA-8386-6B32A069993C}.Debug|Any CPU.ActiveCfg = Debug|Any CPU
		{39236D6D-7C1D-41CA-8386-6B32A069993C}.Debug|Any CPU.Build.0 = Debug|Any CPU
		{39236D6D-7C1D-41CA-8386-6B32A069993C}.Release|Any CPU.ActiveCfg = Release|Any CPU
		{39236D6D-7C1D-41CA-8386-6B32A069993C}.Release|Any CPU.Build.0 = Release|Any CPU
	EndGlobalSection
	GlobalSection(SolutionProperties) = preSolution
		HideSolutionNode = FALSE
	EndGlobalSection
	GlobalSection(ExtensibilityGlobals) = postSolution
		SolutionGuid = {517AB93B-27D2-4526-B472-F282FE126E9E}
	EndGlobalSection
EndGlobal
